
Microsoft Visual Studio Solution File, Format Version 12.00
# Visual Studio Version 17
VisualStudioVersion = 17.3.32825.248
MinimumVisualStudioVersion = 10.0.40219.1
Project("{FAE04EC0-301F-11D3-BF4B-00C04F79EFBC}") = "bookStoreWithCount", "bookStoreWithCount.csproj", "{49F75162-0C5C-4CAA-82C5-4FDEB64CF5AA}"
EndProject
Global
	GlobalSection(SolutionConfigurationPlatforms) = preSolution
		Debug|Any CPU = Debug|Any CPU
		Release|Any CPU = Release|Any CPU
	EndGlobalSection
	GlobalSection(ProjectConfigurationPlatforms) = postSolution
		{49F75162-0C5C-4CAA-82C5-4FDEB64CF5AA}.Debug|Any CPU.ActiveCfg = Debug|Any CPU
		{49F75162-0C5C-4CAA-82C5-4FDEB64CF5AA}.Debug|Any CPU.Build.0 = Debug|Any CPU
		{49F75162-0C5C-4CAA-82C5-4FDEB64CF5AA}.Release|Any CPU.ActiveCfg = Release|Any CPU
		{49F75162-0C5C-4CAA-82C5-4FDEB64CF5AA}.Release|Any CPU.Build.0 = Release|Any CPU
	EndGlobalSection
	GlobalSection(SolutionProperties) = preSolution
		HideSolutionNode = FALSE
	EndGlobalSection
	GlobalSection(ExtensibilityGlobals) = postSolution
		SolutionGuid = {A724F1D0-DB5E-4336-ABA0-6F0A54C2161A}
	EndGlobalSection
EndGlobal
