
Microsoft Visual Studio Solution File, Format Version 12.00
# Visual Studio Version 17
VisualStudioVersion = 17.3.32825.248
MinimumVisualStudioVersion = 10.0.40219.1
Project("{FAE04EC0-301F-11D3-BF4B-00C04F79EFBC}") = "mathMagic", "mathMagic.csproj", "{9E473343-135B-4E76-BF1C-4F26E00DEE3B}"
EndProject
Global
	GlobalSection(SolutionConfigurationPlatforms) = preSolution
		Debug|Any CPU = Debug|Any CPU
		Release|Any CPU = Release|Any CPU
	EndGlobalSection
	GlobalSection(ProjectConfigurationPlatforms) = postSolution
		{9E473343-135B-4E76-BF1C-4F26E00DEE3B}.Debug|Any CPU.ActiveCfg = Debug|Any CPU
		{9E473343-135B-4E76-BF1C-4F26E00DEE3B}.Debug|Any CPU.Build.0 = Debug|Any CPU
		{9E473343-135B-4E76-BF1C-4F26E00DEE3B}.Release|Any CPU.ActiveCfg = Release|Any CPU
		{9E473343-135B-4E76-BF1C-4F26E00DEE3B}.Release|Any CPU.Build.0 = Release|Any CPU
	EndGlobalSection
	GlobalSection(SolutionProperties) = preSolution
		HideSolutionNode = FALSE
	EndGlobalSection
	GlobalSection(ExtensibilityGlobals) = postSolution
		SolutionGuid = {9A4E5D4E-3D89-4B80-82DE-0E4170263DA9}
	EndGlobalSection
EndGlobal
