
Microsoft Visual Studio Solution File, Format Version 12.00
# Visual Studio Version 17
VisualStudioVersion = 17.3.32825.248
MinimumVisualStudioVersion = 10.0.40219.1
Project("{FAE04EC0-301F-11D3-BF4B-00C04F79EFBC}") = "AP9-Ex3-OnYourOwn", "AP9-Ex3-OnYourOwn.csproj", "{B5438700-96C5-4387-8074-3C220C6C3374}"
EndProject
Global
	GlobalSection(SolutionConfigurationPlatforms) = preSolution
		Debug|Any CPU = Debug|Any CPU
		Release|Any CPU = Release|Any CPU
	EndGlobalSection
	GlobalSection(ProjectConfigurationPlatforms) = postSolution
		{B5438700-96C5-4387-8074-3C220C6C3374}.Debug|Any CPU.ActiveCfg = Debug|Any CPU
		{B5438700-96C5-4387-8074-3C220C6C3374}.Debug|Any CPU.Build.0 = Debug|Any CPU
		{B5438700-96C5-4387-8074-3C220C6C3374}.Release|Any CPU.ActiveCfg = Release|Any CPU
		{B5438700-96C5-4387-8074-3C220C6C3374}.Release|Any CPU.Build.0 = Release|Any CPU
	EndGlobalSection
	GlobalSection(SolutionProperties) = preSolution
		HideSolutionNode = FALSE
	EndGlobalSection
	GlobalSection(ExtensibilityGlobals) = postSolution
		SolutionGuid = {A62EE3BB-25E0-4932-AF0E-BA7D8387C6B0}
	EndGlobalSection
EndGlobal
