
Microsoft Visual Studio Solution File, Format Version 12.00
# Visual Studio Version 17
VisualStudioVersion = 17.3.32825.248
MinimumVisualStudioVersion = 10.0.40219.1
Project("{FAE04EC0-301F-11D3-BF4B-00C04F79EFBC}") = "AP8-Ex3-DelegatesAndEvents", "AP8-Ex3-DelegatesAndEvents.csproj", "{F063C527-85F5-4D70-81FB-B95205C757E3}"
EndProject
Global
	GlobalSection(SolutionConfigurationPlatforms) = preSolution
		Debug|Any CPU = Debug|Any CPU
		Release|Any CPU = Release|Any CPU
	EndGlobalSection
	GlobalSection(ProjectConfigurationPlatforms) = postSolution
		{F063C527-85F5-4D70-81FB-B95205C757E3}.Debug|Any CPU.ActiveCfg = Debug|Any CPU
		{F063C527-85F5-4D70-81FB-B95205C757E3}.Debug|Any CPU.Build.0 = Debug|Any CPU
		{F063C527-85F5-4D70-81FB-B95205C757E3}.Release|Any CPU.ActiveCfg = Release|Any CPU
		{F063C527-85F5-4D70-81FB-B95205C757E3}.Release|Any CPU.Build.0 = Release|Any CPU
	EndGlobalSection
	GlobalSection(SolutionProperties) = preSolution
		HideSolutionNode = FALSE
	EndGlobalSection
	GlobalSection(ExtensibilityGlobals) = postSolution
		SolutionGuid = {B2AAA007-1224-4667-A880-99AE06B6CC2F}
	EndGlobalSection
EndGlobal
