
Microsoft Visual Studio Solution File, Format Version 12.00
# Visual Studio Version 17
VisualStudioVersion = 17.3.32825.248
MinimumVisualStudioVersion = 10.0.40219.1
Project("{FAE04EC0-301F-11D3-BF4B-00C04F79EFBC}") = "Assignment7-Exercise_01-Part2", "Assignment7-Exercise_01-Part2.csproj", "{E2B22CDA-6AC2-45F3-92CC-1EC33A7EA761}"
EndProject
Global
	GlobalSection(SolutionConfigurationPlatforms) = preSolution
		Debug|Any CPU = Debug|Any CPU
		Release|Any CPU = Release|Any CPU
	EndGlobalSection
	GlobalSection(ProjectConfigurationPlatforms) = postSolution
		{E2B22CDA-6AC2-45F3-92CC-1EC33A7EA761}.Debug|Any CPU.ActiveCfg = Debug|Any CPU
		{E2B22CDA-6AC2-45F3-92CC-1EC33A7EA761}.Debug|Any CPU.Build.0 = Debug|Any CPU
		{E2B22CDA-6AC2-45F3-92CC-1EC33A7EA761}.Release|Any CPU.ActiveCfg = Release|Any CPU
		{E2B22CDA-6AC2-45F3-92CC-1EC33A7EA761}.Release|Any CPU.Build.0 = Release|Any CPU
	EndGlobalSection
	GlobalSection(SolutionProperties) = preSolution
		HideSolutionNode = FALSE
	EndGlobalSection
	GlobalSection(ExtensibilityGlobals) = postSolution
		SolutionGuid = {294DC3D0-D8E5-4799-AB83-8A6ABC0891EA}
	EndGlobalSection
EndGlobal
