
Microsoft Visual Studio Solution File, Format Version 12.00
# Visual Studio Version 17
VisualStudioVersion = 17.3.32825.248
MinimumVisualStudioVersion = 10.0.40219.1
Project("{FAE04EC0-301F-11D3-BF4B-00C04F79EFBC}") = "greatAdventure", "greatAdventure.csproj", "{BE200DFA-83BA-42DC-96B1-222D6A45FEB4}"
EndProject
Global
	GlobalSection(SolutionConfigurationPlatforms) = preSolution
		Debug|Any CPU = Debug|Any CPU
		Release|Any CPU = Release|Any CPU
	EndGlobalSection
	GlobalSection(ProjectConfigurationPlatforms) = postSolution
		{BE200DFA-83BA-42DC-96B1-222D6A45FEB4}.Debug|Any CPU.ActiveCfg = Debug|Any CPU
		{BE200DFA-83BA-42DC-96B1-222D6A45FEB4}.Debug|Any CPU.Build.0 = Debug|Any CPU
		{BE200DFA-83BA-42DC-96B1-222D6A45FEB4}.Release|Any CPU.ActiveCfg = Release|Any CPU
		{BE200DFA-83BA-42DC-96B1-222D6A45FEB4}.Release|Any CPU.Build.0 = Release|Any CPU
	EndGlobalSection
	GlobalSection(SolutionProperties) = preSolution
		HideSolutionNode = FALSE
	EndGlobalSection
	GlobalSection(ExtensibilityGlobals) = postSolution
		SolutionGuid = {7C1A2D12-2C4B-47F0-ADC3-84BE1FF02170}
	EndGlobalSection
EndGlobal
